
Microsoft Visual Studio Solution File, Format Version 12.00
# Visual Studio Version 16
VisualStudioVersion = 16.0.31729.503
MinimumVisualStudioVersion = 10.0.40219.1
Project("{FAE04EC0-301F-11D3-BF4B-00C04F79EFBC}") = "SingleResponsibilty", "SingleResponsibilty\SingleResponsibilty.csproj", "{5D83FB02-BEDD-4995-A2C3-DAE3491C5931}"
EndProject
Project("{FAE04EC0-301F-11D3-BF4B-00C04F79EFBC}") = "OpenClosed", "OpenClosed\OpenClosed.csproj", "{F9544CE9-C4BF-479B-B800-D5AB0404CEBD}"
EndProject
Project("{FAE04EC0-301F-11D3-BF4B-00C04F79EFBC}") = "LiskovSubstution", "LiskovSubstution\LiskovSubstution.csproj", "{4EB3BCF0-8FAF-4E61-8360-9A98466CA310}"
EndProject
Project("{FAE04EC0-301F-11D3-BF4B-00C04F79EFBC}") = "InterfaceSegregation", "InterfaceSegregation\InterfaceSegregation.csproj", "{F7D191A8-5250-467D-A6BC-6A8D89A11BB5}"
EndProject
Global
	GlobalSection(SolutionConfigurationPlatforms) = preSolution
		Debug|Any CPU = Debug|Any CPU
		Release|Any CPU = Release|Any CPU
	EndGlobalSection
	GlobalSection(ProjectConfigurationPlatforms) = postSolution
		{5D83FB02-BEDD-4995-A2C3-DAE3491C5931}.Debug|Any CPU.ActiveCfg = Debug|Any CPU
		{5D83FB02-BEDD-4995-A2C3-DAE3491C5931}.Debug|Any CPU.Build.0 = Debug|Any CPU
		{5D83FB02-BEDD-4995-A2C3-DAE3491C5931}.Release|Any CPU.ActiveCfg = Release|Any CPU
		{5D83FB02-BEDD-4995-A2C3-DAE3491C5931}.Release|Any CPU.Build.0 = Release|Any CPU
		{F9544CE9-C4BF-479B-B800-D5AB0404CEBD}.Debug|Any CPU.ActiveCfg = Debug|Any CPU
		{F9544CE9-C4BF-479B-B800-D5AB0404CEBD}.Debug|Any CPU.Build.0 = Debug|Any CPU
		{F9544CE9-C4BF-479B-B800-D5AB0404CEBD}.Release|Any CPU.ActiveCfg = Release|Any CPU
		{F9544CE9-C4BF-479B-B800-D5AB0404CEBD}.Release|Any CPU.Build.0 = Release|Any CPU
		{4EB3BCF0-8FAF-4E61-8360-9A98466CA310}.Debug|Any CPU.ActiveCfg = Debug|Any CPU
		{4EB3BCF0-8FAF-4E61-8360-9A98466CA310}.Debug|Any CPU.Build.0 = Debug|Any CPU
		{4EB3BCF0-8FAF-4E61-8360-9A98466CA310}.Release|Any CPU.ActiveCfg = Release|Any CPU
		{4EB3BCF0-8FAF-4E61-8360-9A98466CA310}.Release|Any CPU.Build.0 = Release|Any CPU
		{F7D191A8-5250-467D-A6BC-6A8D89A11BB5}.Debug|Any CPU.ActiveCfg = Debug|Any CPU
		{F7D191A8-5250-467D-A6BC-6A8D89A11BB5}.Debug|Any CPU.Build.0 = Debug|Any CPU
		{F7D191A8-5250-467D-A6BC-6A8D89A11BB5}.Release|Any CPU.ActiveCfg = Release|Any CPU
		{F7D191A8-5250-467D-A6BC-6A8D89A11BB5}.Release|Any CPU.Build.0 = Release|Any CPU
	EndGlobalSection
	GlobalSection(SolutionProperties) = preSolution
		HideSolutionNode = FALSE
	EndGlobalSection
	GlobalSection(ExtensibilityGlobals) = postSolution
		SolutionGuid = {16DBF7BF-5E8B-4C98-A1F1-98F11F0167CA}
	EndGlobalSection
EndGlobal
