
Microsoft Visual Studio Solution File, Format Version 12.00
# Visual Studio Version 16
VisualStudioVersion = 16.0.31729.503
MinimumVisualStudioVersion = 10.0.40219.1
Project("{FAE04EC0-301F-11D3-BF4B-00C04F79EFBC}") = "FizzBuzz", "FizzBuzz\FizzBuzz.csproj", "{37E0C180-A5F0-4C58-B77F-884A9B189686}"
EndProject
Project("{FAE04EC0-301F-11D3-BF4B-00C04F79EFBC}") = "FizzBuzz.Test", "FizzBuzz.Test\FizzBuzz.Test.csproj", "{42AEA83D-79DC-42BF-B2B4-6DD944C43D3D}"
EndProject
Global
	GlobalSection(SolutionConfigurationPlatforms) = preSolution
		Debug|Any CPU = Debug|Any CPU
		Release|Any CPU = Release|Any CPU
	EndGlobalSection
	GlobalSection(ProjectConfigurationPlatforms) = postSolution
		{37E0C180-A5F0-4C58-B77F-884A9B189686}.Debug|Any CPU.ActiveCfg = Debug|Any CPU
		{37E0C180-A5F0-4C58-B77F-884A9B189686}.Debug|Any CPU.Build.0 = Debug|Any CPU
		{37E0C180-A5F0-4C58-B77F-884A9B189686}.Release|Any CPU.ActiveCfg = Release|Any CPU
		{37E0C180-A5F0-4C58-B77F-884A9B189686}.Release|Any CPU.Build.0 = Release|Any CPU
		{42AEA83D-79DC-42BF-B2B4-6DD944C43D3D}.Debug|Any CPU.ActiveCfg = Debug|Any CPU
		{42AEA83D-79DC-42BF-B2B4-6DD944C43D3D}.Debug|Any CPU.Build.0 = Debug|Any CPU
		{42AEA83D-79DC-42BF-B2B4-6DD944C43D3D}.Release|Any CPU.ActiveCfg = Release|Any CPU
		{42AEA83D-79DC-42BF-B2B4-6DD944C43D3D}.Release|Any CPU.Build.0 = Release|Any CPU
	EndGlobalSection
	GlobalSection(SolutionProperties) = preSolution
		HideSolutionNode = FALSE
	EndGlobalSection
	GlobalSection(ExtensibilityGlobals) = postSolution
		SolutionGuid = {BCBE3E05-FF9D-479C-A8A6-AC0B606F6E28}
	EndGlobalSection
EndGlobal
